
Microsoft Visual Studio Solution File, Format Version 12.00
# Visual Studio Version 17
VisualStudioVersion = 17.5.33627.172
MinimumVisualStudioVersion = 10.0.40219.1
Project("{FAE04EC0-301F-11D3-BF4B-00C04F79EFBC}") = "BlogCore", "BlogCore.csproj", "{4C9EAEE2-448D-41F9-BC54-35E7FB59038A}"
EndProject
Project("{FAE04EC0-301F-11D3-BF4B-00C04F79EFBC}") = "BlogCore.AccesoDatos", "..\BlogCore.AccesoDatos\BlogCore.AccesoDatos.csproj", "{9F3C40EC-FFDE-4145-A755-3AEB272E7EF7}"
EndProject
Project("{FAE04EC0-301F-11D3-BF4B-00C04F79EFBC}") = "BlogCore.Models", "..\BlogCore.Models\BlogCore.Models.csproj", "{C1CC54E6-F98E-4B5E-B7F2-D560D7259BE9}"
EndProject
Project("{FAE04EC0-301F-11D3-BF4B-00C04F79EFBC}") = "BlogCore.Utilidades", "..\BlogCore.Utilidades\BlogCore.Utilidades.csproj", "{180BCB7D-F7F1-440D-A245-B82BFCDD238B}"
EndProject
Global
	GlobalSection(SolutionConfigurationPlatforms) = preSolution
		Debug|Any CPU = Debug|Any CPU
		Release|Any CPU = Release|Any CPU
	EndGlobalSection
	GlobalSection(ProjectConfigurationPlatforms) = postSolution
		{4C9EAEE2-448D-41F9-BC54-35E7FB59038A}.Debug|Any CPU.ActiveCfg = Debug|Any CPU
		{4C9EAEE2-448D-41F9-BC54-35E7FB59038A}.Debug|Any CPU.Build.0 = Debug|Any CPU
		{4C9EAEE2-448D-41F9-BC54-35E7FB59038A}.Release|Any CPU.ActiveCfg = Release|Any CPU
		{4C9EAEE2-448D-41F9-BC54-35E7FB59038A}.Release|Any CPU.Build.0 = Release|Any CPU
		{9F3C40EC-FFDE-4145-A755-3AEB272E7EF7}.Debug|Any CPU.ActiveCfg = Debug|Any CPU
		{9F3C40EC-FFDE-4145-A755-3AEB272E7EF7}.Debug|Any CPU.Build.0 = Debug|Any CPU
		{9F3C40EC-FFDE-4145-A755-3AEB272E7EF7}.Release|Any CPU.ActiveCfg = Release|Any CPU
		{9F3C40EC-FFDE-4145-A755-3AEB272E7EF7}.Release|Any CPU.Build.0 = Release|Any CPU
		{C1CC54E6-F98E-4B5E-B7F2-D560D7259BE9}.Debug|Any CPU.ActiveCfg = Debug|Any CPU
		{C1CC54E6-F98E-4B5E-B7F2-D560D7259BE9}.Debug|Any CPU.Build.0 = Debug|Any CPU
		{C1CC54E6-F98E-4B5E-B7F2-D560D7259BE9}.Release|Any CPU.ActiveCfg = Release|Any CPU
		{C1CC54E6-F98E-4B5E-B7F2-D560D7259BE9}.Release|Any CPU.Build.0 = Release|Any CPU
		{180BCB7D-F7F1-440D-A245-B82BFCDD238B}.Debug|Any CPU.ActiveCfg = Debug|Any CPU
		{180BCB7D-F7F1-440D-A245-B82BFCDD238B}.Debug|Any CPU.Build.0 = Debug|Any CPU
		{180BCB7D-F7F1-440D-A245-B82BFCDD238B}.Release|Any CPU.ActiveCfg = Release|Any CPU
		{180BCB7D-F7F1-440D-A245-B82BFCDD238B}.Release|Any CPU.Build.0 = Release|Any CPU
	EndGlobalSection
	GlobalSection(SolutionProperties) = preSolution
		HideSolutionNode = FALSE
	EndGlobalSection
	GlobalSection(ExtensibilityGlobals) = postSolution
		SolutionGuid = {6D7C223F-A4BF-48AE-B312-12F503877DF5}
	EndGlobalSection
EndGlobal
